
Microsoft Visual Studio Solution File, Format Version 12.00
# Visual Studio Version 17
VisualStudioVersion = 17.9.34728.123
MinimumVisualStudioVersion = 10.0.40219.1
Project("{FAE04EC0-301F-11D3-BF4B-00C04F79EFBC}") = "Day2", "Day2\Day2.csproj", "{8CF8176A-4769-42E6-BBC0-487A34066376}"
EndProject
Global
	GlobalSection(SolutionConfigurationPlatforms) = preSolution
		Debug|Any CPU = Debug|Any CPU
		Release|Any CPU = Release|Any CPU
	EndGlobalSection
	GlobalSection(ProjectConfigurationPlatforms) = postSolution
		{8CF8176A-4769-42E6-BBC0-487A34066376}.Debug|Any CPU.ActiveCfg = Debug|Any CPU
		{8CF8176A-4769-42E6-BBC0-487A34066376}.Debug|Any CPU.Build.0 = Debug|Any CPU
		{8CF8176A-4769-42E6-BBC0-487A34066376}.Release|Any CPU.ActiveCfg = Release|Any CPU
		{8CF8176A-4769-42E6-BBC0-487A34066376}.Release|Any CPU.Build.0 = Release|Any CPU
	EndGlobalSection
	GlobalSection(SolutionProperties) = preSolution
		HideSolutionNode = FALSE
	EndGlobalSection
	GlobalSection(ExtensibilityGlobals) = postSolution
		SolutionGuid = {B2E1390E-CC8D-4C8C-9C84-9AD5F54F803A}
	EndGlobalSection
EndGlobal
